
Microsoft Visual Studio Solution File, Format Version 12.00
# Visual Studio Version 17
VisualStudioVersion = 17.14.36518.9 d17.14
MinimumVisualStudioVersion = 10.0.40219.1
Project("{FAE04EC0-301F-11D3-BF4B-00C04F79EFBC}") = "VisualP3", "VisualP3\VisualP3.csproj", "{F9C905D7-0ED5-44DA-97F8-8B412B7156E1}"
EndProject
Global
	GlobalSection(SolutionConfigurationPlatforms) = preSolution
		Debug|Any CPU = Debug|Any CPU
		Release|Any CPU = Release|Any CPU
	EndGlobalSection
	GlobalSection(ProjectConfigurationPlatforms) = postSolution
		{F9C905D7-0ED5-44DA-97F8-8B412B7156E1}.Debug|Any CPU.ActiveCfg = Debug|Any CPU
		{F9C905D7-0ED5-44DA-97F8-8B412B7156E1}.Debug|Any CPU.Build.0 = Debug|Any CPU
		{F9C905D7-0ED5-44DA-97F8-8B412B7156E1}.Release|Any CPU.ActiveCfg = Release|Any CPU
		{F9C905D7-0ED5-44DA-97F8-8B412B7156E1}.Release|Any CPU.Build.0 = Release|Any CPU
	EndGlobalSection
	GlobalSection(SolutionProperties) = preSolution
		HideSolutionNode = FALSE
	EndGlobalSection
	GlobalSection(ExtensibilityGlobals) = postSolution
		SolutionGuid = {893B96E4-0318-4065-A557-F958B1853F13}
	EndGlobalSection
EndGlobal
